
Microsoft Visual Studio Solution File, Format Version 12.00
# Visual Studio Version 17
VisualStudioVersion = 17.5.33530.505
MinimumVisualStudioVersion = 10.0.40219.1
Project("{9A19103F-16F7-4668-BE54-9A1E7A4F7556}") = "CoreCodedChatbot.Secrets", "CoreCodedChatbot.Secrets\CoreCodedChatbot.Secrets.csproj", "{CEEBEFEB-19BE-4B66-849A-F227B1C44F76}"
EndProject
Project("{FAE04EC0-301F-11D3-BF4B-00C04F79EFBC}") = "TestHarness", "TestHarness\TestHarness.csproj", "{F3076530-77A4-4B32-A896-4D558AE49B8E}"
EndProject
Global
	GlobalSection(SolutionConfigurationPlatforms) = preSolution
		Debug|Any CPU = Debug|Any CPU
		Release|Any CPU = Release|Any CPU
	EndGlobalSection
	GlobalSection(ProjectConfigurationPlatforms) = postSolution
		{CEEBEFEB-19BE-4B66-849A-F227B1C44F76}.Debug|Any CPU.ActiveCfg = Debug|Any CPU
		{CEEBEFEB-19BE-4B66-849A-F227B1C44F76}.Debug|Any CPU.Build.0 = Debug|Any CPU
		{CEEBEFEB-19BE-4B66-849A-F227B1C44F76}.Release|Any CPU.ActiveCfg = Release|Any CPU
		{CEEBEFEB-19BE-4B66-849A-F227B1C44F76}.Release|Any CPU.Build.0 = Release|Any CPU
		{F3076530-77A4-4B32-A896-4D558AE49B8E}.Debug|Any CPU.ActiveCfg = Debug|Any CPU
		{F3076530-77A4-4B32-A896-4D558AE49B8E}.Debug|Any CPU.Build.0 = Debug|Any CPU
		{F3076530-77A4-4B32-A896-4D558AE49B8E}.Release|Any CPU.ActiveCfg = Release|Any CPU
		{F3076530-77A4-4B32-A896-4D558AE49B8E}.Release|Any CPU.Build.0 = Release|Any CPU
	EndGlobalSection
	GlobalSection(SolutionProperties) = preSolution
		HideSolutionNode = FALSE
	EndGlobalSection
	GlobalSection(ExtensibilityGlobals) = postSolution
		SolutionGuid = {142E5D61-9AD6-48D4-9456-5CF3C429FE4C}
	EndGlobalSection
EndGlobal
